Microsoft Visual Studio Solution File, Format Version 12.00
# Visual Studio Version 17
VisualStudioVersion = 17.9.34728.123
MinimumVisualStudioVersion = 10.0.40219.1
Project("{2150E333-8FDC-42A3-9474-1A3956D46DE8}") = "Samples", "Samples", "{336DC2BB-FC78-4EB7-A6B2-5AEE448F47F5}"
EndProject
Project("{9A19103F-16F7-4668-BE54-9A1E7A4F7556}") = "WindowsHighlightSample", "Samples\WindowsHighlightSample\WindowsHighlightSample.csproj", "{E1BECF7F-257E-416E-92CC-52378DEEF985}"
EndProject
Project("{9A19103F-16F7-4668-BE54-9A1E7A4F7556}") = "Recorder", "Recorder\Recorder.csproj", "{B798B7BD-05DB-42E9-98E0-C4FE70614ACC}"
EndProject
Global
	GlobalSection(SolutionConfigurationPlatforms) = preSolution
		Debug|Any CPU = Debug|Any CPU
		Debug|x64 = Debug|x64
		Debug|x86 = Debug|x86
		Release|Any CPU = Release|Any CPU
		Release|x64 = Release|x64
		Release|x86 = Release|x86
	EndGlobalSection
	GlobalSection(ProjectConfigurationPlatforms) = postSolution
		{B798B7BD-05DB-42E9-98E0-C4FE70614ACC}.Debug|Any CPU.ActiveCfg = Debug|Any CPU
		{B798B7BD-05DB-42E9-98E0-C4FE70614ACC}.Debug|Any CPU.Build.0 = Debug|Any CPU
		{B798B7BD-05DB-42E9-98E0-C4FE70614ACC}.Debug|x64.ActiveCfg = Debug|Any CPU
		{B798B7BD-05DB-42E9-98E0-C4FE70614ACC}.Debug|x64.Build.0 = Debug|Any CPU
		{B798B7BD-05DB-42E9-98E0-C4FE70614ACC}.Debug|x86.ActiveCfg = Debug|Any CPU
		{B798B7BD-05DB-42E9-98E0-C4FE70614ACC}.Debug|x86.Build.0 = Debug|Any CPU
		{B798B7BD-05DB-42E9-98E0-C4FE70614ACC}.Release|Any CPU.ActiveCfg = Release|Any CPU
		{B798B7BD-05DB-42E9-98E0-C4FE70614ACC}.Release|Any CPU.Build.0 = Release|Any CPU
		{B798B7BD-05DB-42E9-98E0-C4FE70614ACC}.Release|x64.ActiveCfg = Release|Any CPU
		{B798B7BD-05DB-42E9-98E0-C4FE70614ACC}.Release|x64.Build.0 = Release|Any CPU
		{B798B7BD-05DB-42E9-98E0-C4FE70614ACC}.Release|x86.ActiveCfg = Release|Any CPU
		{B798B7BD-05DB-42E9-98E0-C4FE70614ACC}.Release|x86.Build.0 = Release|Any CPU
		{E1BECF7F-257E-416E-92CC-52378DEEF985}.Debug|Any CPU.ActiveCfg = Debug|Any CPU
		{E1BECF7F-257E-416E-92CC-52378DEEF985}.Debug|Any CPU.Build.0 = Debug|Any CPU
		{E1BECF7F-257E-416E-92CC-52378DEEF985}.Debug|x64.ActiveCfg = Debug|Any CPU
		{E1BECF7F-257E-416E-92CC-52378DEEF985}.Debug|x64.Build.0 = Debug|Any CPU
		{E1BECF7F-257E-416E-92CC-52378DEEF985}.Debug|x86.ActiveCfg = Debug|Any CPU
		{E1BECF7F-257E-416E-92CC-52378DEEF985}.Debug|x86.Build.0 = Debug|Any CPU
		{E1BECF7F-257E-416E-92CC-52378DEEF985}.Release|Any CPU.ActiveCfg = Release|Any CPU
		{E1BECF7F-257E-416E-92CC-52378DEEF985}.Release|Any CPU.Build.0 = Release|Any CPU
		{E1BECF7F-257E-416E-92CC-52378DEEF985}.Release|x64.ActiveCfg = Release|Any CPU
		{E1BECF7F-257E-416E-92CC-52378DEEF985}.Release|x64.Build.0 = Release|Any CPU
		{E1BECF7F-257E-416E-92CC-52378DEEF985}.Release|x86.ActiveCfg = Release|Any CPU
		{E1BECF7F-257E-416E-92CC-52378DEEF985}.Release|x86.Build.0 = Release|Any CPU
	EndGlobalSection
	GlobalSection(SolutionProperties) = preSolution
		HideSolutionNode = FALSE
	EndGlobalSection
	GlobalSection(NestedProjects) = preSolution
		{E1BECF7F-257E-416E-92CC-52378DEEF985} = {336DC2BB-FC78-4EB7-A6B2-5AEE448F47F5}
	EndGlobalSection
	GlobalSection(ExtensibilityGlobals) = postSolution
		SolutionGuid = {6B6111BA-CD3E-4045-BD29-757F0522C65C}
	EndGlobalSection
EndGlobal
 = Debug|Any CPU
		{E1BECF7F-257E-416E-92CC-52378DEEF985}.Debug|x86.ActiveCfg = Debug|Any CPU
		{E1BECF7F-257E-416E-92CC-52378DEEF985}.Debug|x86.Build.0 = Debug|Any CPU
		{E1BECF7F-257E-416E-92CC-52378DEEF985}.Release|Any CPU.ActiveCfg = Release|Any CPU
		{E1BECF7F-257E-416E-92CC-52378DEEF985}.Release|Any CPU.Build.0 = Release|Any CPU
		{E1BECF7F-257E-416E-92CC-52378DEEF985}.Release|x64.ActiveCfg = Release|Any CPU
		{E1BECF7F-257E-416E-92CC-52378DEEF985}.Release|x64.Build.0 = Release|Any CPU
		{E1BECF7F-257E-416E-92CC-52378DEEF985}.Release|x86.ActiveCfg = Release|Any CPU
		{E1BECF7F-257E-416E-92CC-52378DEEF985}.Release|x86.Build.0 = Release|Any CPU
	EndGlobalSection
	GlobalSection(SolutionProperties) = preSolution
		HideSolutionNode = FALSE
	EndGlobalSection
	GlobalSection(NestedProjects) = preSolution
		{E1BECF7F-257E-416E-92CC-52378DEEF985} = {336DC2BB-FC78-4EB7-A6B2-5AEE448F47F5}
	EndGlobalSection
	GlobalSection(ExtensibilityGlobals) = postSolution
		SolutionGuid = {6B6111BA-CD3E-4045-BD29-757F0522C65C}
	EndGlobalSection
EndGlobal
E-416E-92CC-52378DEEF985}.Debug|x64.Build.0 = Debug|Any CPU
		{E1BECF7F-257E-416E-92CC-52378DEEF985}.Debug|x86.ActiveCfg = Debug|Any CPU
		{E1BECF7F-257E-416E-92CC-52378DEEF985}.Debug|x86.Build.0 = Debug|Any CPU
		{E1BECF7F-257E-416E-92CC-52378DEEF985}.Release|Any CPU.ActiveCfg = Release|Any CPU
		{E1BECF7F-257E-416E-92CC-52378DEEF985}.Release|Any CPU.Build.0 = Release|Any CPU
		{E1BECF7F-257E-416E-92CC-52378DEEF985}.Release|x64.ActiveCfg = Release|Any CPU
		{E1BECF7F-257E-416E-92CC-52378DEEF985}.Release|x64.Build.0 = Release|Any CPU
		{E1BECF7F-257E-416E-92CC-52378DEEF985}.Release|x86.ActiveCfg = Release|Any CPU
		{E1BECF7F-257E-416E-92CC-52378DEEF985}.Release|x86.Build.0 = Release|Any CPU
	EndGlobalSection
	GlobalSection(SolutionProperties) = preSolution
		HideSolutionNode = FALSE
	EndGlobalSection
	GlobalSection(NestedProjects) = preSolution
		{E1BECF7F-257E-416E-92CC-52378DEEF985} = {336DC2BB-FC78-4EB7-A6B2-5AEE448F47F5}
	EndGlobalSection
	GlobalSection(ExtensibilityGlobals) = postSolution
		SolutionGuid = {6B6111BA-CD3E-4045-BD29-757F0522C65C}
	EndGlobalSection
EndGlobal
