
Microsoft Visual Studio Solution File, Format Version 12.00
# Visual Studio Version 17
VisualStudioVersion = 17.9.34728.123
MinimumVisualStudioVersion = 10.0.40219.1
Project("{9A19103F-16F7-4668-BE54-9A1E7A4F7556}") = "Recorder", "Recorder\Recorder.csproj", "{27175B99-586E-4DEA-B520-2B8E8AAC64ED}"
EndProject
Project("{9A19103F-16F7-4668-BE54-9A1E7A4F7556}") = "Recorder.Desktop", "Recorder.Desktop\Recorder.Desktop.csproj", "{2DB1530A-8B73-41F7-9668-1891DE1B824F}"
EndProject
Project("{9A19103F-16F7-4668-BE54-9A1E7A4F7556}") = "WindowsHighlightRectangleForm", "WindowsHighlightRectangleForm\WindowsHighlightRectangleForm.csproj", "{A9554CA6-84F0-46C3-B307-BD4EB9D758F1}"
EndProject
Project("{FAE04EC0-301F-11D3-BF4B-00C04F79EFBC}") = "LinuxHighlightRectangleForm.X11", "LinuxHighlightRectangleForm.X11\LinuxHighlightRectangleForm.X11.csproj", "{B79315F5-7DEA-45E1-8D68-D310533A3B10}"
EndProject
Global
	GlobalSection(SolutionConfigurationPlatforms) = preSolution
		Debug|Any CPU = Debug|Any CPU
		Debug|x64 = Debug|x64
		Debug|x86 = Debug|x86
		Release|Any CPU = Release|Any CPU
		Release|x64 = Release|x64
		Release|x86 = Release|x86
	EndGlobalSection
	GlobalSection(ProjectConfigurationPlatforms) = postSolution
		{27175B99-586E-4DEA-B520-2B8E8AAC64ED}.Debug|Any CPU.ActiveCfg = Debug|Any CPU
		{27175B99-586E-4DEA-B520-2B8E8AAC64ED}.Debug|Any CPU.Build.0 = Debug|Any CPU
		{27175B99-586E-4DEA-B520-2B8E8AAC64ED}.Debug|x64.ActiveCfg = Debug|x64
		{27175B99-586E-4DEA-B520-2B8E8AAC64ED}.Debug|x64.Build.0 = Debug|x64
		{27175B99-586E-4DEA-B520-2B8E8AAC64ED}.Debug|x86.ActiveCfg = Debug|x86
		{27175B99-586E-4DEA-B520-2B8E8AAC64ED}.Debug|x86.Build.0 = Debug|x86
		{27175B99-586E-4DEA-B520-2B8E8AAC64ED}.Release|Any CPU.ActiveCfg = Release|Any CPU
		{27175B99-586E-4DEA-B520-2B8E8AAC64ED}.Release|Any CPU.Build.0 = Release|Any CPU
		{27175B99-586E-4DEA-B520-2B8E8AAC64ED}.Release|x64.ActiveCfg = Release|x64
		{27175B99-586E-4DEA-B520-2B8E8AAC64ED}.Release|x64.Build.0 = Release|x64
		{27175B99-586E-4DEA-B520-2B8E8AAC64ED}.Release|x86.ActiveCfg = Release|x86
		{27175B99-586E-4DEA-B520-2B8E8AAC64ED}.Release|x86.Build.0 = Release|x86
		{2DB1530A-8B73-41F7-9668-1891DE1B824F}.Debug|Any CPU.ActiveCfg = Debug|Any CPU
		{2DB1530A-8B73-41F7-9668-1891DE1B824F}.Debug|Any CPU.Build.0 = Debug|Any CPU
		{2DB1530A-8B73-41F7-9668-1891DE1B824F}.Debug|x64.ActiveCfg = Debug|x64
		{2DB1530A-8B73-41F7-9668-1891DE1B824F}.Debug|x64.Build.0 = Debug|x64
		{2DB1530A-8B73-41F7-9668-1891DE1B824F}.Debug|x86.ActiveCfg = Debug|x86
		{2DB1530A-8B73-41F7-9668-1891DE1B824F}.Debug|x86.Build.0 = Debug|x86
		{2DB1530A-8B73-41F7-9668-1891DE1B824F}.Release|Any CPU.ActiveCfg = Release|Any CPU
		{2DB1530A-8B73-41F7-9668-1891DE1B824F}.Release|Any CPU.Build.0 = Release|Any CPU
		{2DB1530A-8B73-41F7-9668-1891DE1B824F}.Release|x64.ActiveCfg = Release|x64
		{2DB1530A-8B73-41F7-9668-1891DE1B824F}.Release|x64.Build.0 = Release|x64
		{2DB1530A-8B73-41F7-9668-1891DE1B824F}.Release|x86.ActiveCfg = Release|x86
		{2DB1530A-8B73-41F7-9668-1891DE1B824F}.Release|x86.Build.0 = Release|x86
		{A9554CA6-84F0-46C3-B307-BD4EB9D758F1}.Debug|Any CPU.ActiveCfg = Debug|Any CPU
		{A9554CA6-84F0-46C3-B307-BD4EB9D758F1}.Debug|Any CPU.Build.0 = Debug|Any CPU
		{A9554CA6-84F0-46C3-B307-BD4EB9D758F1}.Debug|x64.ActiveCfg = Debug|x64
		{A9554CA6-84F0-46C3-B307-BD4EB9D758F1}.Debug|x64.Build.0 = Debug|x64
		{A9554CA6-84F0-46C3-B307-BD4EB9D758F1}.Debug|x86.ActiveCfg = Debug|x86
		{A9554CA6-84F0-46C3-B307-BD4EB9D758F1}.Debug|x86.Build.0 = Debug|x86
		{A9554CA6-84F0-46C3-B307-BD4EB9D758F1}.Release|Any CPU.ActiveCfg = Release|Any CPU
		{A9554CA6-84F0-46C3-B307-BD4EB9D758F1}.Release|Any CPU.Build.0 = Release|Any CPU
		{A9554CA6-84F0-46C3-B307-BD4EB9D758F1}.Release|x64.ActiveCfg = Release|x64
		{A9554CA6-84F0-46C3-B307-BD4EB9D758F1}.Release|x64.Build.0 = Release|x64
		{A9554CA6-84F0-46C3-B307-BD4EB9D758F1}.Release|x86.ActiveCfg = Release|x86
		{A9554CA6-84F0-46C3-B307-BD4EB9D758F1}.Release|x86.Build.0 = Release|x86
		{B79315F5-7DEA-45E1-8D68-D310533A3B10}.Debug|Any CPU.ActiveCfg = Debug|Any CPU
		{B79315F5-7DEA-45E1-8D68-D310533A3B10}.Debug|Any CPU.Build.0 = Debug|Any CPU
		{B79315F5-7DEA-45E1-8D68-D310533A3B10}.Debug|x64.ActiveCfg = Debug|x64
		{B79315F5-7DEA-45E1-8D68-D310533A3B10}.Debug|x64.Build.0 = Debug|x64
		{B79315F5-7DEA-45E1-8D68-D310533A3B10}.Debug|x86.ActiveCfg = Debug|x86
		{B79315F5-7DEA-45E1-8D68-D310533A3B10}.Debug|x86.Build.0 = Debug|x86
		{B79315F5-7DEA-45E1-8D68-D310533A3B10}.Release|Any CPU.ActiveCfg = Release|Any CPU
		{B79315F5-7DEA-45E1-8D68-D310533A3B10}.Release|Any CPU.Build.0 = Release|Any CPU
		{B79315F5-7DEA-45E1-8D68-D310533A3B10}.Release|x64.ActiveCfg = Release|x64
		{B79315F5-7DEA-45E1-8D68-D310533A3B10}.Release|x64.Build.0 = Release|x64
		{B79315F5-7DEA-45E1-8D68-D310533A3B10}.Release|x86.ActiveCfg = Release|x86
		{B79315F5-7DEA-45E1-8D68-D310533A3B10}.Release|x86.Build.0 = Release|x86
	EndGlobalSection
	GlobalSection(SolutionProperties) = preSolution
		HideSolutionNode = FALSE
	EndGlobalSection
	GlobalSection(ExtensibilityGlobals) = postSolution
		SolutionGuid = {6B6111BA-CD3E-4045-BD29-757F0522C65C}
	EndGlobalSection
EndGlobal
