
Microsoft Visual Studio Solution File, Format Version 12.00
# Visual Studio Version 17
VisualStudioVersion = 17.9.34728.123
MinimumVisualStudioVersion = 10.0.40219.1
Project("{9A19103F-16F7-4668-BE54-9A1E7A4F7556}") = "HighlightRectangle", "HighlightRectangle\HighlightRectangle.csproj", "{53F2854B-EA89-48DE-90EB-8E66E7929395}"
EndProject
Project("{9A19103F-16F7-4668-BE54-9A1E7A4F7556}") = "Recorder", "Recorder\Recorder.csproj", "{27175B99-586E-4DEA-B520-2B8E8AAC64ED}"
EndProject
Project("{9A19103F-16F7-4668-BE54-9A1E7A4F7556}") = "Recorder.Desktop", "Recorder.Desktop\Recorder.Desktop.csproj", "{2DB1530A-8B73-41F7-9668-1891DE1B824F}"
EndProject
Global
	GlobalSection(SolutionConfigurationPlatforms) = preSolution
		Debug|Any CPU = Debug|Any CPU
		Release|Any CPU = Release|Any CPU
	EndGlobalSection
	GlobalSection(ProjectConfigurationPlatforms) = postSolution
		{53F2854B-EA89-48DE-90EB-8E66E7929395}.Debug|Any CPU.ActiveCfg = Debug|Any CPU
		{53F2854B-EA89-48DE-90EB-8E66E7929395}.Debug|Any CPU.Build.0 = Debug|Any CPU
		{53F2854B-EA89-48DE-90EB-8E66E7929395}.Release|Any CPU.ActiveCfg = Release|Any CPU
		{53F2854B-EA89-48DE-90EB-8E66E7929395}.Release|Any CPU.Build.0 = Release|Any CPU
		{27175B99-586E-4DEA-B520-2B8E8AAC64ED}.Debug|Any CPU.ActiveCfg = Debug|Any CPU
		{27175B99-586E-4DEA-B520-2B8E8AAC64ED}.Debug|Any CPU.Build.0 = Debug|Any CPU
		{27175B99-586E-4DEA-B520-2B8E8AAC64ED}.Release|Any CPU.ActiveCfg = Release|Any CPU
		{27175B99-586E-4DEA-B520-2B8E8AAC64ED}.Release|Any CPU.Build.0 = Release|Any CPU
		{2DB1530A-8B73-41F7-9668-1891DE1B824F}.Debug|Any CPU.ActiveCfg = Debug|Any CPU
		{2DB1530A-8B73-41F7-9668-1891DE1B824F}.Debug|Any CPU.Build.0 = Debug|Any CPU
		{2DB1530A-8B73-41F7-9668-1891DE1B824F}.Release|Any CPU.ActiveCfg = Release|Any CPU
		{2DB1530A-8B73-41F7-9668-1891DE1B824F}.Release|Any CPU.Build.0 = Release|Any CPU
	EndGlobalSection
	GlobalSection(SolutionProperties) = preSolution
		HideSolutionNode = FALSE
	EndGlobalSection
	GlobalSection(ExtensibilityGlobals) = postSolution
		SolutionGuid = {6B6111BA-CD3E-4045-BD29-757F0522C65C}
	EndGlobalSection
EndGlobal
